// !$*UTF8*$!
{
	archiveVersion = 1;
	classes = {
	};
	objectVersion = 46;
	objects = {

/* Begin PBXBuildFile section */
		2D0AD2C71BC898EE00435B0C /* DispatchTimer.swift in Sources */ = {isa = PBXBuildFile; fileRef = 2D0AD2C61BC898EE00435B0C /* DispatchTimer.swift */; settings = {ASSET_TAGS = (); }; };
		2D0AD2C91BC8A64400435B0C /* IconChange.swift in Sources */ = {isa = PBXBuildFile; fileRef = 2D0AD2C81BC8A64400435B0C /* IconChange.swift */; settings = {ASSET_TAGS = (); }; };
		2D0AD2CD1BC8A87200435B0C /* Storage.swift in Sources */ = {isa = PBXBuildFile; fileRef = 2D0AD2CC1BC8A87200435B0C /* Storage.swift */; settings = {ASSET_TAGS = (); }; };
		2D0AD2CF1BC8A9D800435B0C /* Notifications.swift in Sources */ = {isa = PBXBuildFile; fileRef = 2D0AD2CE1BC8A9D800435B0C /* Notifications.swift */; settings = {ASSET_TAGS = (); }; };
		2D0AD2D11BC8AAE500435B0C /* Pasteboard.swift in Sources */ = {isa = PBXBuildFile; fileRef = 2D0AD2D01BC8AAE500435B0C /* Pasteboard.swift */; settings = {ASSET_TAGS = (); }; };
		2D0AD2D31BC8AD4800435B0C /* Ping.swift in Sources */ = {isa = PBXBuildFile; fileRef = 2D0AD2D21BC8AD4800435B0C /* Ping.swift */; settings = {ASSET_TAGS = (); }; };
		2D0AD2D51BC8AE8B00435B0C /* StartStop.swift in Sources */ = {isa = PBXBuildFile; fileRef = 2D0AD2D41BC8AE8B00435B0C /* StartStop.swift */; settings = {ASSET_TAGS = (); }; };
		2D6CF8D01BC83E4900762461 /* AppDelegate.swift in Sources */ = {isa = PBXBuildFile; fileRef = 2D6CF8CF1BC83E4900762461 /* AppDelegate.swift */; };
		2D6CF8D41BC83E4900762461 /* Assets.xcassets in Resources */ = {isa = PBXBuildFile; fileRef = 2D6CF8D31BC83E4900762461 /* Assets.xcassets */; };
		2D8C70DF1BC84251005D3625 /* Main.storyboard in Resources */ = {isa = PBXBuildFile; fileRef = 2D8C70DE1BC84251005D3625 /* Main.storyboard */; settings = {ASSET_TAGS = (); }; };
/* End PBXBuildFile section */

/* Begin PBXFileReference section */
		2D0AD2C61BC898EE00435B0C /* DispatchTimer.swift */ = {isa = PBXFileReference; fileEncoding = 4; lastKnownFileType = sourcecode.swift; path = DispatchTimer.swift; sourceTree = "<group>"; };
		2D0AD2C81BC8A64400435B0C /* IconChange.swift */ = {isa = PBXFileReference; fileEncoding = 4; lastKnownFileType = sourcecode.swift; name = IconChange.swift; path = Pingit/IconChange.swift; sourceTree = "<group>"; };
		2D0AD2CC1BC8A87200435B0C /* Storage.swift */ = {isa = PBXFileReference; fileEncoding = 4; lastKnownFileType = sourcecode.swift; path = Storage.swift; sourceTree = "<group>"; };
		2D0AD2CE1BC8A9D800435B0C /* Notifications.swift */ = {isa = PBXFileReference; fileEncoding = 4; lastKnownFileType = sourcecode.swift; path = Notifications.swift; sourceTree = "<group>"; };
		2D0AD2D01BC8AAE500435B0C /* Pasteboard.swift */ = {isa = PBXFileReference; fileEncoding = 4; lastKnownFileType = sourcecode.swift; path = Pasteboard.swift; sourceTree = "<group>"; };
		2D0AD2D21BC8AD4800435B0C /* Ping.swift */ = {isa = PBXFileReference; fileEncoding = 4; lastKnownFileType = sourcecode.swift; name = Ping.swift; path = Pingit/Ping.swift; sourceTree = "<group>"; };
		2D0AD2D41BC8AE8B00435B0C /* StartStop.swift */ = {isa = PBXFileReference; fileEncoding = 4; lastKnownFileType = sourcecode.swift; name = StartStop.swift; path = Pingit/StartStop.swift; sourceTree = "<group>"; };
		2D6CF8CC1BC83E4900762461 /* Pingit.app */ = {isa = PBXFileReference; explicitFileType = wrapper.application; includeInIndex = 0; path = Pingit.app; sourceTree = BUILT_PRODUCTS_DIR; };
		2D6CF8CF1BC83E4900762461 /* AppDelegate.swift */ = {isa = PBXFileReference; lastKnownFileType = sourcecode.swift; path = AppDelegate.swift; sourceTree = "<group>"; };
		2D6CF8D31BC83E4900762461 /* Assets.xcassets */ = {isa = PBXFileReference; lastKnownFileType = folder.assetcatalog; path = Assets.xcassets; sourceTree = "<group>"; };
		2D6CF8D81BC83E4900762461 /* Info.plist */ = {isa = PBXFileReference; lastKnownFileType = text.plist.xml; path = Info.plist; sourceTree = "<group>"; };
		2D8C70DE1BC84251005D3625 /* Main.storyboard */ = {isa = PBXFileReference; fileEncoding = 4; lastKnownFileType = file.storyboard; path = Main.storyboard; sourceTree = "<group>"; };
/* End PBXFileReference section */

/* Begin PBXFrameworksBuildPhase section */
		2D6CF8C91BC83E4900762461 /* Frameworks */ = {
			isa = PBXFrameworksBuildPhase;
			buildActionMask = 2147483647;
			files = (
			);
			runOnlyForDeploymentPostprocessing = 0;
		};
/* End PBXFrameworksBuildPhase section */

/* Begin PBXGroup section */
		2D0AD2D61BC8AFA500435B0C /* AppDelegate-Extensions */ = {
			isa = PBXGroup;
			children = (
				2D0AD2D41BC8AE8B00435B0C /* StartStop.swift */,
				2D0AD2C81BC8A64400435B0C /* IconChange.swift */,
				2D0AD2D21BC8AD4800435B0C /* Ping.swift */,
			);
			name = "AppDelegate-Extensions";
			path = ..;
			sourceTree = "<group>";
		};
		2D6CF8C31BC83E4900762461 = {
			isa = PBXGroup;
			children = (
				2D6CF8CE1BC83E4900762461 /* Pingit */,
				2D6CF8CD1BC83E4900762461 /* Products */,
			);
			sourceTree = "<group>";
		};
		2D6CF8CD1BC83E4900762461 /* Products */ = {
			isa = PBXGroup;
			children = (
				2D6CF8CC1BC83E4900762461 /* Pingit.app */,
			);
			name = Products;
			sourceTree = "<group>";
		};
		2D6CF8CE1BC83E4900762461 /* Pingit */ = {
			isa = PBXGroup;
			children = (
				2D6CF8CF1BC83E4900762461 /* AppDelegate.swift */,
				2D0AD2D61BC8AFA500435B0C /* AppDelegate-Extensions */,
				2D0AD2CC1BC8A87200435B0C /* Storage.swift */,
				2D0AD2CE1BC8A9D800435B0C /* Notifications.swift */,
				2D0AD2D01BC8AAE500435B0C /* Pasteboard.swift */,
				2D0AD2C61BC898EE00435B0C /* DispatchTimer.swift */,
				2D6CF8D31BC83E4900762461 /* Assets.xcassets */,
				2D6CF8D81BC83E4900762461 /* Info.plist */,
				2D8C70DE1BC84251005D3625 /* Main.storyboard */,
			);
			path = Pingit;
			sourceTree = "<group>";
		};
/* End PBXGroup section */

/* Begin PBXNativeTarget section */
		2D6CF8CB1BC83E4900762461 /* Pingit */ = {
			isa = PBXNativeTarget;
			buildConfigurationList = 2D6CF8DB1BC83E4900762461 /* Build configuration list for PBXNativeTarget "Pingit" */;
			buildPhases = (
				2D6CF8C81BC83E4900762461 /* Sources */,
				2D6CF8C91BC83E4900762461 /* Frameworks */,
				2D6CF8CA1BC83E4900762461 /* Resources */,
			);
			buildRules = (
			);
			dependencies = (
			);
			name = Pingit;
			productName = Pingit;
			productReference = 2D6CF8CC1BC83E4900762461 /* Pingit.app */;
			productType = "com.apple.product-type.application";
		};
/* End PBXNativeTarget section */

/* Begin PBXProject section */
		2D6CF8C41BC83E4900762461 /* Project object */ = {
			isa = PBXProject;
			attributes = {
				LastUpgradeCheck = 0700;
				ORGANIZATIONNAME = "Rutherford County Schools";
				TargetAttributes = {
					2D6CF8CB1BC83E4900762461 = {
						CreatedOnToolsVersion = 7.0.1;
						DevelopmentTeam = J7LEW9724V;
					};
				};
			};
			buildConfigurationList = 2D6CF8C71BC83E4900762461 /* Build configuration list for PBXProject "Pingit" */;
			compatibilityVersion = "Xcode 3.2";
			developmentRegion = English;
			hasScannedForEncodings = 0;
			knownRegions = (
				en,
				Base,
			);
			mainGroup = 2D6CF8C31BC83E4900762461;
			productRefGroup = 2D6CF8CD1BC83E4900762461 /* Products */;
			projectDirPath = "";
			projectRoot = "";
			targets = (
				2D6CF8CB1BC83E4900762461 /* Pingit */,
			);
		};
/* End PBXProject section */

/* Begin PBXResourcesBuildPhase section */
		2D6CF8CA1BC83E4900762461 /* Resources */ = {
			isa = PBXResourcesBuildPhase;
			buildActionMask = 2147483647;
			files = (
				2D6CF8D41BC83E4900762461 /* Assets.xcassets in Resources */,
				2D8C70DF1BC84251005D3625 /* Main.storyboard in Resources */,
			);
			runOnlyForDeploymentPostprocessing = 0;
		};
/* End PBXResourcesBuildPhase section */

/* Begin PBXSourcesBuildPhase section */
		2D6CF8C81BC83E4900762461 /* Sources */ = {
			isa = PBXSourcesBuildPhase;
			buildActionMask = 2147483647;
			files = (
				2D0AD2CF1BC8A9D800435B0C /* Notifications.swift in Sources */,
				2D6CF8D01BC83E4900762461 /* AppDelegate.swift in Sources */,
				2D0AD2D11BC8AAE500435B0C /* Pasteboard.swift in Sources */,
				2D0AD2CD1BC8A87200435B0C /* Storage.swift in Sources */,
				2D0AD2D31BC8AD4800435B0C /* Ping.swift in Sources */,
				2D0AD2D51BC8AE8B00435B0C /* StartStop.swift in Sources */,
				2D0AD2C71BC898EE00435B0C /* DispatchTimer.swift in Sources */,
				2D0AD2C91BC8A64400435B0C /* IconChange.swift in Sources */,
			);
			runOnlyForDeploymentPostprocessing = 0;
		};
/* End PBXSourcesBuildPhase section */

/* Begin XCBuildConfiguration section */
		2D6CF8D91BC83E4900762461 /* Debug */ = {
			isa = XCBuildConfiguration;
			buildSettings = {
				ALWAYS_SEARCH_USER_PATHS = NO;
				CLANG_CXX_LANGUAGE_STANDARD = "gnu++0x";
				CLANG_CXX_LIBRARY = "libc++";
				CLANG_ENABLE_MODULES = YES;
				CLANG_ENABLE_OBJC_ARC = YES;
				CLANG_WARN_BOOL_CONVERSION = YES;
				CLANG_WARN_CONSTANT_CONVERSION = YES;
				CLANG_WARN_DIRECT_OBJC_ISA_USAGE = YES_ERROR;
				CLANG_WARN_EMPTY_BODY = YES;
				CLANG_WARN_ENUM_CONVERSION = YES;
				CLANG_WARN_INT_CONVERSION = YES;
				CLANG_WARN_OBJC_ROOT_CLASS = YES_ERROR;
				CLANG_WARN_UNREACHABLE_CODE = YES;
				CLANG_WARN__DUPLICATE_METHOD_MATCH = YES;
				CODE_SIGN_IDENTITY = "-";
				COPY_PHASE_STRIP = NO;
				DEBUG_INFORMATION_FORMAT = dwarf;
				ENABLE_STRICT_OBJC_MSGSEND = YES;
				ENABLE_TESTABILITY = YES;
				GCC_C_LANGUAGE_STANDARD = gnu99;
				GCC_DYNAMIC_NO_PIC = NO;
				GCC_NO_COMMON_BLOCKS = YES;
				GCC_OPTIMIZATION_LEVEL = 0;
				GCC_PREPROCESSOR_DEFINITIONS = (
					"DEBUG=1",
					"$(inherited)",
				);
				GCC_WARN_64_TO_32_BIT_CONVERSION = YES;
				GCC_WARN_ABOUT_RETURN_TYPE = YES_ERROR;
				GCC_WARN_UNDECLARED_SELECTOR = YES;
				GCC_WARN_UNINITIALIZED_AUTOS = YES_AGGRESSIVE;
				GCC_WARN_UNUSED_FUNCTION = YES;
				GCC_WARN_UNUSED_VARIABLE = YES;
				MACOSX_DEPLOYMENT_TARGET = 10.11;
				MTL_ENABLE_DEBUG_INFO = YES;
				ONLY_ACTIVE_ARCH = YES;
				SDKROOT = macosx;
				SWIFT_OPTIMIZATION_LEVEL = "-Onone";
			};
			name = Debug;
		};
		2D6CF8DA1BC83E4900762461 /* Release */ = {
			isa = XCBuildConfiguration;
			buildSettings = {
				ALWAYS_SEARCH_USER_PATHS = NO;
				CLANG_CXX_LANGUAGE_STANDARD = "gnu++0x";
				CLANG_CXX_LIBRARY = "libc++";
				CLANG_ENABLE_MODULES = YES;
				CLANG_ENABLE_OBJC_ARC = YES;
				CLANG_WARN_BOOL_CONVERSION = YES;
				CLANG_WARN_CONSTANT_CONVERSION = YES;
				CLANG_WARN_DIRECT_OBJC_ISA_USAGE = YES_ERROR;
				CLANG_WARN_EMPTY_BODY = YES;
				CLANG_WARN_ENUM_CONVERSION = YES;
				CLANG_WARN_INT_CONVERSION = YES;
				CLANG_WARN_OBJC_ROOT_CLASS = YES_ERROR;
				CLANG_WARN_UNREACHABLE_CODE = YES;
				CLANG_WARN__DUPLICATE_METHOD_MATCH = YES;
				CODE_SIGN_IDENTITY = "-";
				COPY_PHASE_STRIP = NO;
				DEBUG_INFORMATION_FORMAT = "dwarf-with-dsym";
				ENABLE_NS_ASSERTIONS = NO;
				ENABLE_STRICT_OBJC_MSGSEND = YES;
				GCC_C_LANGUAGE_STANDARD = gnu99;
				GCC_NO_COMMON_BLOCKS = YES;
				GCC_WARN_64_TO_32_BIT_CONVERSION = YES;
				GCC_WARN_ABOUT_RETURN_TYPE = YES_ERROR;
				GCC_WARN_UNDECLARED_SELECTOR = YES;
				GCC_WARN_UNINITIALIZED_AUTOS = YES_AGGRESSIVE;
				GCC_WARN_UNUSED_FUNCTION = YES;
				GCC_WARN_UNUSED_VARIABLE = YES;
				MACOSX_DEPLOYMENT_TARGET = 10.11;
				MTL_ENABLE_DEBUG_INFO = NO;
				SDKROOT = macosx;
			};
			name = Release;
		};
		2D6CF8DC1BC83E4900762461 /* Debug */ = {
			isa = XCBuildConfiguration;
			buildSettings = {
				ASSETCATALOG_COMPILER_APPICON_NAME = AppIcon;
				CODE_SIGN_IDENTITY = "Developer ID Application";
				"CODE_SIGN_IDENTITY[sdk=macosx*]" = "Mac Developer";
				COMBINE_HIDPI_IMAGES = YES;
				INFOPLIST_FILE = Pingit/Info.plist;
				LD_RUNPATH_SEARCH_PATHS = "$(inherited) @executable_path/../Frameworks";
				PRODUCT_BUNDLE_IDENTIFIER = org.rcsnc.Pingit;
				PRODUCT_NAME = "$(TARGET_NAME)";
				PROVISIONING_PROFILE = "";
			};
			name = Debug;
		};
		2D6CF8DD1BC83E4900762461 /* Release */ = {
			isa = XCBuildConfiguration;
			buildSettings = {
				ASSETCATALOG_COMPILER_APPICON_NAME = AppIcon;
				CODE_SIGN_IDENTITY = "Developer ID Application";
				"CODE_SIGN_IDENTITY[sdk=macosx*]" = "Mac Developer";
				COMBINE_HIDPI_IMAGES = YES;
				INFOPLIST_FILE = Pingit/Info.plist;
				LD_RUNPATH_SEARCH_PATHS = "$(inherited) @executable_path/../Frameworks";
				PRODUCT_BUNDLE_IDENTIFIER = org.rcsnc.Pingit;
				PRODUCT_NAME = "$(TARGET_NAME)";
				PROVISIONING_PROFILE = "";
			};
			name = Release;
		};
/* End XCBuildConfiguration section */

/* Begin XCConfigurationList section */
		2D6CF8C71BC83E4900762461 /* Build configuration list for PBXProject "Pingit" */ = {
			isa = XCConfigurationList;
			buildConfigurations = (
				2D6CF8D91BC83E4900762461 /* Debug */,
				2D6CF8DA1BC83E4900762461 /* Release */,
			);
			defaultConfigurationIsVisible = 0;
			defaultConfigurationName = Release;
		};
		2D6CF8DB1BC83E4900762461 /* Build configuration list for PBXNativeTarget "Pingit" */ = {
			isa = XCConfigurationList;
			buildConfigurations = (
				2D6CF8DC1BC83E4900762461 /* Debug */,
				2D6CF8DD1BC83E4900762461 /* Release */,
			);
			defaultConfigurationIsVisible = 0;
			defaultConfigurationName = Release;
		};
/* End XCConfigurationList section */
	};
	rootObject = 2D6CF8C41BC83E4900762461 /* Project object */;
}
